{
  "name": "visual-text-engine",
  "version": "0.1.0",
  "lockfileVersion": 1,
  "requires": true,
  "dependencies": {
    "text-engine": {
      "version": "1.0.0",
      "resolved": "https://registry.npmjs.org/text-engine/-/text-engine-1.0.0.tgz",
      "integrity": "sha512-4pYyrroa8m8oAIj9qohbiJQXmGQ1iTyQKLouBFjBCErRlKF9Xv5tU00KhlBWm9Bvg6lVCwdTJ3jRJOZhK/Jhuw=="
    }
  }
}
